
Microsoft Visual Studio Solution File, Format Version 12.00
# Visual Studio Version 16
VisualStudioVersion = 16.0.31205.134
MinimumVisualStudioVersion = 10.0.40219.1
Project("{FAE04EC0-301F-11D3-BF4B-00C04F79EFBC}") = "Gerene.SigepWeb", "Gerene.SigepWeb\Gerene.SigepWeb.csproj", "{8445DB7F-3B16-4E97-891A-C2FFCFDC77B2}"
EndProject
Project("{FAE04EC0-301F-11D3-BF4B-00C04F79EFBC}") = "Gerene.SigepWeb.Demo", "Gerene.SigepWeb.Demo\Gerene.SigepWeb.Demo.csproj", "{C1964B37-7AD8-41A1-9113-CA1630C3B82A}"
EndProject
Global
	GlobalSection(SolutionConfigurationPlatforms) = preSolution
		Debug|Any CPU = Debug|Any CPU
		Release|Any CPU = Release|Any CPU
	EndGlobalSection
	GlobalSection(ProjectConfigurationPlatforms) = postSolution
		{8445DB7F-3B16-4E97-891A-C2FFCFDC77B2}.Debug|Any CPU.ActiveCfg = Debug|Any CPU
		{8445DB7F-3B16-4E97-891A-C2FFCFDC77B2}.Debug|Any CPU.Build.0 = Debug|Any CPU
		{8445DB7F-3B16-4E97-891A-C2FFCFDC77B2}.Release|Any CPU.ActiveCfg = Release|Any CPU
		{8445DB7F-3B16-4E97-891A-C2FFCFDC77B2}.Release|Any CPU.Build.0 = Release|Any CPU
		{C1964B37-7AD8-41A1-9113-CA1630C3B82A}.Debug|Any CPU.ActiveCfg = Debug|Any CPU
		{C1964B37-7AD8-41A1-9113-CA1630C3B82A}.Debug|Any CPU.Build.0 = Debug|Any CPU
		{C1964B37-7AD8-41A1-9113-CA1630C3B82A}.Release|Any CPU.ActiveCfg = Release|Any CPU
		{C1964B37-7AD8-41A1-9113-CA1630C3B82A}.Release|Any CPU.Build.0 = Release|Any CPU
	EndGlobalSection
	GlobalSection(SolutionProperties) = preSolution
		HideSolutionNode = FALSE
	EndGlobalSection
	GlobalSection(ExtensibilityGlobals) = postSolution
		SolutionGuid = {BEFD2C03-564F-407E-8524-C639647A043A}
	EndGlobalSection
EndGlobal
